{
  "nodes": {
    "nixpkgs": {
      "locked": {
        "lastModified": 1775811116,
        "narHash": "sha256-t+HZK42pB6N+i5RGbuy7Xluez/VvWbembBdvzsc23Ss=",
        "owner": "nixos",
        "repo": "nixpkgs",
        "rev": "54170c54449ea4d6725efd30d719c5e505f1c10e",
        "type": "github"
      },
      "original": {
        "owner": "nixos",
        "ref": "nixos-25.11",
        "repo": "nixpkgs",
        "type": "github"
      }
    },
    "root": {
      "inputs": {
        "nixpkgs": "nixpkgs",
        "sops-nix": "sops-nix"
      }
    },
    "sops-nix": {
      "inputs": {
        "nixpkgs": [
          "nixpkgs"
        ]
      },
      "locked": {
        "lastModified": 1775682595,
        "narHash": "sha256-0E9PohY/VuESLq0LR4doaH7hTag513sDDW5n5qmHd1Q=",
        "owner": "Mic92",
        "repo": "sops-nix",
        "rev": "d2e8438d5886e92bc5e7c40c035ab6cae0c41f76",
        "type": "github"
      },
      "original": {
        "owner": "Mic92",
        "repo": "sops-nix",
        "type": "github"
      }
    }
  },
  "root": "root",
  "version": 7
}
