{
  "version": 4,
  "terraform_version": "1.15.9",
  "serial": 596,
  "lineage": "b31a1ff5-dc5a-489c-5dff-35368e30610b",
  "outputs": {
    "inventory": {
      "value": {
        "100": {
          "cooldown": "30m",
          "enabled": "true",
          "gateway": "10.100.0.1",
          "ip": "10.100.0.100",
          "name": "100-internal-traefik",
          "prefix": 24,
          "type": "internal"
        },
        "101": {
          "cooldown": "30m",
          "enabled": "true",
          "gateway": "10.100.0.1",
          "ip": "10.100.0.101",
          "name": "101-internal-authelia",
          "prefix": 24,
          "type": "internal"
        },
        "102": {
          "cooldown": "30m",
          "enabled": "true",
          "gateway": "10.100.0.1",
          "ip": "10.100.0.102",
          "name": "102-internal-lldap",
          "prefix": 24,
          "type": "internal"
        },
        "103": {
          "cooldown": "30m",
          "enabled": "true",
          "gateway": "10.100.0.1",
          "ip": "10.100.0.103",
          "name": "103-internal-homepage",
          "prefix": 24,
          "type": "internal"
        },
        "104": {
          "cooldown": "30m",
          "enabled": "true",
          "gateway": "10.100.0.1",
          "ip": "10.100.0.104",
          "name": "104-internal-grafana",
          "prefix": 24,
          "type": "internal"
        },
        "105": {
          "cooldown": "30m",
          "enabled": "true",
          "gateway": "10.100.0.1",
          "ip": "10.100.0.105",
          "name": "105-internal-uptime-kuma",
          "prefix": 24,
          "type": "internal"
        },
        "106": {
          "cooldown": "30m",
          "enabled": "true",
          "gateway": "10.100.0.1",
          "ip": "10.100.0.106",
          "name": "106-internal-kopia",
          "prefix": 24,
          "type": "internal"
        },
        "107": {
          "cooldown": "30m",
          "enabled": "true",
          "gateway": "10.100.0.1",
          "ip": "10.100.0.107",
          "name": "107-internal-wazuh",
          "prefix": 24,
          "type": "internal"
        },
        "108": {
          "cooldown": "30m",
          "enabled": "true",
          "gateway": "10.100.0.1",
          "ip": "10.100.0.108",
          "name": "108-internal-nas",
          "prefix": 24,
          "type": "internal"
        },
        "109": {
          "cooldown": "30m",
          "enabled": "true",
          "gateway": "10.100.0.1",
          "ip": "10.100.0.109",
          "name": "109-internal-attic",
          "prefix": 24,
          "type": "internal"
        },
        "110": {
          "cooldown": "30m",
          "enabled": "true",
          "gateway": "10.100.0.1",
          "ip": "10.100.0.110",
          "name": "110-internal-sccache",
          "prefix": 24,
          "type": "internal"
        },
        "111": {
          "cooldown": "30m",
          "enabled": "true",
          "gateway": "10.100.0.1",
          "ip": "10.100.0.111",
          "name": "111-internal-qbittorrent",
          "prefix": 24,
          "type": "internal"
        },
        "112": {
          "cooldown": "30m",
          "enabled": "true",
          "gateway": "10.100.0.1",
          "ip": "10.100.0.112",
          "name": "112-internal-tor-router",
          "prefix": 24,
          "type": "internal"
        },
        "113": {
          "cooldown": "30m",
          "enabled": "false",
          "gateway": "10.100.0.1",
          "ip": "10.100.0.113",
          "name": "113-internal-hermes",
          "prefix": 24,
          "type": "internal"
        },
        "114": {
          "cooldown": "30m",
          "enabled": "true",
          "gateway": "10.100.0.1",
          "ip": "10.100.0.114",
          "name": "114-internal-forgejo",
          "prefix": 24,
          "type": "internal"
        },
        "115": {
          "cooldown": "30m",
          "enabled": "true",
          "gateway": "10.100.0.1",
          "ip": "10.100.0.115",
          "name": "115-internal-forgejo-runner",
          "prefix": 24,
          "type": "internal"
        },
        "116": {
          "cooldown": "30m",
          "enabled": "true",
          "gateway": "10.100.0.1",
          "ip": "10.100.0.116",
          "name": "116-internal-registry",
          "prefix": 24,
          "type": "internal"
        },
        "117": {
          "cooldown": "30m",
          "enabled": "false",
          "gateway": "10.100.0.1",
          "ip": "10.100.0.117",
          "name": "117-internal-vaultwarden",
          "prefix": 24,
          "type": "internal"
        },
        "118": {
          "cooldown": "30m",
          "enabled": "false",
          "gateway": "10.100.0.1",
          "ip": "10.100.0.118",
          "name": "118-internal-nextcloud",
          "prefix": 24,
          "type": "internal"
        },
        "119": {
          "cooldown": "30m",
          "enabled": "false",
          "gateway": "10.100.0.1",
          "ip": "10.100.0.119",
          "name": "119-internal-calendar",
          "prefix": 24,
          "type": "internal"
        },
        "120": {
          "cooldown": "30m",
          "enabled": "true",
          "gateway": "10.100.0.1",
          "ip": "10.100.0.120",
          "name": "120-internal-paperless",
          "prefix": 24,
          "type": "internal"
        },
        "121": {
          "cooldown": "30m",
          "enabled": "false",
          "gateway": "10.100.0.1",
          "ip": "10.100.0.121",
          "name": "121-internal-paperless-ai",
          "prefix": 24,
          "type": "internal"
        },
        "122": {
          "cooldown": "30m",
          "enabled": "false",
          "gateway": "10.100.0.1",
          "ip": "10.100.0.122",
          "name": "122-internal-wikijs",
          "prefix": 24,
          "type": "internal"
        },
        "123": {
          "cooldown": "30m",
          "enabled": "onDemand",
          "gateway": "10.100.0.1",
          "ip": "10.100.0.123",
          "name": "123-internal-firefly",
          "prefix": 24,
          "type": "internal"
        },
        "124": {
          "cooldown": "30m",
          "enabled": "false",
          "gateway": "10.100.0.1",
          "ip": "10.100.0.124",
          "name": "124-internal-homeassistant",
          "prefix": 24,
          "type": "internal"
        },
        "125": {
          "cooldown": "30m",
          "enabled": "false",
          "gateway": "10.100.0.1",
          "ip": "10.100.0.125",
          "name": "125-internal-huginn",
          "prefix": 24,
          "type": "internal"
        },
        "126": {
          "cooldown": "30m",
          "enabled": "true",
          "gateway": "10.100.0.1",
          "ip": "10.100.0.126",
          "name": "126-internal-mosquitto",
          "prefix": 24,
          "type": "internal"
        },
        "127": {
          "cooldown": "30m",
          "enabled": "true",
          "gateway": "10.100.0.1",
          "ip": "10.100.0.127",
          "name": "127-internal-jellyseerr",
          "prefix": 24,
          "type": "internal"
        },
        "128": {
          "cooldown": "30m",
          "enabled": "true",
          "gateway": "10.100.0.1",
          "ip": "10.100.0.128",
          "name": "128-internal-prowlarr",
          "prefix": 24,
          "type": "internal"
        },
        "129": {
          "cooldown": "30m",
          "enabled": "true",
          "gateway": "10.100.0.1",
          "ip": "10.100.0.129",
          "name": "129-internal-radarr",
          "prefix": 24,
          "type": "internal"
        },
        "130": {
          "cooldown": "30m",
          "enabled": "true",
          "gateway": "10.100.0.1",
          "ip": "10.100.0.130",
          "name": "130-internal-sonarr",
          "prefix": 24,
          "type": "internal"
        },
        "131": {
          "cooldown": "30m",
          "enabled": "true",
          "gateway": "10.100.0.1",
          "ip": "10.100.0.131",
          "name": "131-internal-bazarr",
          "prefix": 24,
          "type": "internal"
        },
        "132": {
          "cooldown": "30m",
          "enabled": "true",
          "gateway": "10.100.0.1",
          "ip": "10.100.0.132",
          "name": "132-internal-recyclarr",
          "prefix": 24,
          "type": "internal"
        },
        "133": {
          "cooldown": "30m",
          "enabled": "true",
          "gateway": "10.100.0.1",
          "ip": "10.100.0.133",
          "name": "133-internal-jellyfin",
          "prefix": 24,
          "type": "internal"
        },
        "134": {
          "cooldown": "30m",
          "enabled": "true",
          "gateway": "10.100.0.1",
          "ip": "10.100.0.134",
          "name": "134-internal-audiobookshelf",
          "prefix": 24,
          "type": "internal"
        },
        "135": {
          "cooldown": "30m",
          "enabled": "true",
          "gateway": "10.100.0.1",
          "ip": "10.100.0.135",
          "name": "135-internal-navidrome",
          "prefix": 24,
          "type": "internal"
        },
        "136": {
          "cooldown": "30m",
          "enabled": "true",
          "gateway": "10.100.0.1",
          "ip": "10.100.0.136",
          "name": "136-internal-kavita",
          "prefix": 24,
          "type": "internal"
        },
        "200": {
          "cooldown": "30m",
          "enabled": "true",
          "gateway": "10.200.0.1",
          "ip": "10.200.0.200",
          "name": "200-external-traefik",
          "prefix": 24,
          "type": "external"
        },
        "201": {
          "cooldown": "30m",
          "enabled": "true",
          "gateway": "10.200.0.1",
          "ip": "10.200.0.201",
          "name": "201-external-headscale",
          "prefix": 24,
          "type": "external"
        },
        "202": {
          "cooldown": "30m",
          "enabled": "false",
          "gateway": "10.200.0.1",
          "ip": "10.200.0.202",
          "name": "202-external-tor-relay",
          "prefix": 24,
          "type": "external"
        },
        "203": {
          "cooldown": "30m",
          "enabled": "true",
          "gateway": "10.200.0.1",
          "ip": "10.200.0.203",
          "name": "203-external-ntfy",
          "prefix": 24,
          "type": "external"
        },
        "204": {
          "cooldown": "30m",
          "enabled": "onDemand",
          "gateway": "10.200.0.1",
          "ip": "10.200.0.204",
          "name": "204-external-searxng",
          "prefix": 24,
          "type": "external"
        },
        "205": {
          "cooldown": "30m",
          "enabled": "true",
          "gateway": "10.200.0.1",
          "ip": "10.200.0.205",
          "name": "205-external-shlink",
          "prefix": 24,
          "type": "external"
        },
        "206": {
          "cooldown": "30m",
          "enabled": "onDemand",
          "gateway": "10.200.0.1",
          "ip": "10.200.0.206",
          "name": "206-external-privatebin",
          "prefix": 24,
          "type": "external"
        },
        "207": {
          "cooldown": "30m",
          "enabled": "onDemand",
          "gateway": "10.200.0.1",
          "ip": "10.200.0.207",
          "name": "207-external-share",
          "prefix": 24,
          "type": "external"
        },
        "208": {
          "cooldown": "15m",
          "enabled": "onDemand",
          "gateway": "10.200.0.1",
          "ip": "10.200.0.208",
          "name": "208-external-minecraft",
          "prefix": 24,
          "type": "external"
        },
        "209": {
          "cooldown": "30m",
          "enabled": "true",
          "gateway": "10.200.0.1",
          "ip": "10.200.0.209",
          "name": "209-external-hello",
          "prefix": 24,
          "type": "external"
        },
        "300": {
          "cooldown": "30m",
          "enabled": "true",
          "gateway": "192.168.178.1",
          "ip": "192.168.178.29",
          "name": "luca-router",
          "prefix": 24,
          "type": "router"
        }
      },
      "type": [
        "object",
        {
          "100": [
            "object",
            {
              "cooldown": "string",
              "enabled": "string",
              "gateway": "string",
              "ip": "string",
              "name": "string",
              "prefix": "number",
              "type": "string"
            }
          ],
          "101": [
            "object",
            {
              "cooldown": "string",
              "enabled": "string",
              "gateway": "string",
              "ip": "string",
              "name": "string",
              "prefix": "number",
              "type": "string"
            }
          ],
          "102": [
            "object",
            {
              "cooldown": "string",
              "enabled": "string",
              "gateway": "string",
              "ip": "string",
              "name": "string",
              "prefix": "number",
              "type": "string"
            }
          ],
          "103": [
            "object",
            {
              "cooldown": "string",
              "enabled": "string",
              "gateway": "string",
              "ip": "string",
              "name": "string",
              "prefix": "number",
              "type": "string"
            }
          ],
          "104": [
            "object",
            {
              "cooldown": "string",
              "enabled": "string",
              "gateway": "string",
              "ip": "string",
              "name": "string",
              "prefix": "number",
              "type": "string"
            }
          ],
          "105": [
            "object",
            {
              "cooldown": "string",
              "enabled": "string",
              "gateway": "string",
              "ip": "string",
              "name": "string",
              "prefix": "number",
              "type": "string"
            }
          ],
          "106": [
            "object",
            {
              "cooldown": "string",
              "enabled": "string",
              "gateway": "string",
              "ip": "string",
              "name": "string",
              "prefix": "number",
              "type": "string"
            }
          ],
          "107": [
            "object",
            {
              "cooldown": "string",
              "enabled": "string",
              "gateway": "string",
              "ip": "string",
              "name": "string",
              "prefix": "number",
              "type": "string"
            }
          ],
          "108": [
            "object",
            {
              "cooldown": "string",
              "enabled": "string",
              "gateway": "string",
              "ip": "string",
              "name": "string",
              "prefix": "number",
              "type": "string"
            }
          ],
          "109": [
            "object",
            {
              "cooldown": "string",
              "enabled": "string",
              "gateway": "string",
              "ip": "string",
              "name": "string",
              "prefix": "number",
              "type": "string"
            }
          ],
          "110": [
            "object",
            {
              "cooldown": "string",
              "enabled": "string",
              "gateway": "string",
              "ip": "string",
              "name": "string",
              "prefix": "number",
              "type": "string"
            }
          ],
          "111": [
            "object",
            {
              "cooldown": "string",
              "enabled": "string",
              "gateway": "string",
              "ip": "string",
              "name": "string",
              "prefix": "number",
              "type": "string"
            }
          ],
          "112": [
            "object",
            {
              "cooldown": "string",
              "enabled": "string",
              "gateway": "string",
              "ip": "string",
              "name": "string",
              "prefix": "number",
              "type": "string"
            }
          ],
          "113": [
            "object",
            {
              "cooldown": "string",
              "enabled": "string",
              "gateway": "string",
              "ip": "string",
              "name": "string",
              "prefix": "number",
              "type": "string"
            }
          ],
          "114": [
            "object",
            {
              "cooldown": "string",
              "enabled": "string",
              "gateway": "string",
              "ip": "string",
              "name": "string",
              "prefix": "number",
              "type": "string"
            }
          ],
          "115": [
            "object",
            {
              "cooldown": "string",
              "enabled": "string",
              "gateway": "string",
              "ip": "string",
              "name": "string",
              "prefix": "number",
              "type": "string"
            }
          ],
          "116": [
            "object",
            {
              "cooldown": "string",
              "enabled": "string",
              "gateway": "string",
              "ip": "string",
              "name": "string",
              "prefix": "number",
              "type": "string"
            }
          ],
          "117": [
            "object",
            {
              "cooldown": "string",
              "enabled": "string",
              "gateway": "string",
              "ip": "string",
              "name": "string",
              "prefix": "number",
              "type": "string"
            }
          ],
          "118": [
            "object",
            {
              "cooldown": "string",
              "enabled": "string",
              "gateway": "string",
              "ip": "string",
              "name": "string",
              "prefix": "number",
              "type": "string"
            }
          ],
          "119": [
            "object",
            {
              "cooldown": "string",
              "enabled": "string",
              "gateway": "string",
              "ip": "string",
              "name": "string",
              "prefix": "number",
              "type": "string"
            }
          ],
          "120": [
            "object",
            {
              "cooldown": "string",
              "enabled": "string",
              "gateway": "string",
              "ip": "string",
              "name": "string",
              "prefix": "number",
              "type": "string"
            }
          ],
          "121": [
            "object",
            {
              "cooldown": "string",
              "enabled": "string",
              "gateway": "string",
              "ip": "string",
              "name": "string",
              "prefix": "number",
              "type": "string"
            }
          ],
          "122": [
            "object",
            {
              "cooldown": "string",
              "enabled": "string",
              "gateway": "string",
              "ip": "string",
              "name": "string",
              "prefix": "number",
              "type": "string"
            }
          ],
          "123": [
            "object",
            {
              "cooldown": "string",
              "enabled": "string",
              "gateway": "string",
              "ip": "string",
              "name": "string",
              "prefix": "number",
              "type": "string"
            }
          ],
          "124": [
            "object",
            {
              "cooldown": "string",
              "enabled": "string",
              "gateway": "string",
              "ip": "string",
              "name": "string",
              "prefix": "number",
              "type": "string"
            }
          ],
          "125": [
            "object",
            {
              "cooldown": "string",
              "enabled": "string",
              "gateway": "string",
              "ip": "string",
              "name": "string",
              "prefix": "number",
              "type": "string"
            }
          ],
          "126": [
            "object",
            {
              "cooldown": "string",
              "enabled": "string",
              "gateway": "string",
              "ip": "string",
              "name": "string",
              "prefix": "number",
              "type": "string"
            }
          ],
          "127": [
            "object",
            {
              "cooldown": "string",
              "enabled": "string",
              "gateway": "string",
              "ip": "string",
              "name": "string",
              "prefix": "number",
              "type": "string"
            }
          ],
          "128": [
            "object",
            {
              "cooldown": "string",
              "enabled": "string",
              "gateway": "string",
              "ip": "string",
              "name": "string",
              "prefix": "number",
              "type": "string"
            }
          ],
          "129": [
            "object",
            {
              "cooldown": "string",
              "enabled": "string",
              "gateway": "string",
              "ip": "string",
              "name": "string",
              "prefix": "number",
              "type": "string"
            }
          ],
          "130": [
            "object",
            {
              "cooldown": "string",
              "enabled": "string",
              "gateway": "string",
              "ip": "string",
              "name": "string",
              "prefix": "number",
              "type": "string"
            }
          ],
          "131": [
            "object",
            {
              "cooldown": "string",
              "enabled": "string",
              "gateway": "string",
              "ip": "string",
              "name": "string",
              "prefix": "number",
              "type": "string"
            }
          ],
          "132": [
            "object",
            {
              "cooldown": "string",
              "enabled": "string",
              "gateway": "string",
              "ip": "string",
              "name": "string",
              "prefix": "number",
              "type": "string"
            }
          ],
          "133": [
            "object",
            {
              "cooldown": "string",
              "enabled": "string",
              "gateway": "string",
              "ip": "string",
              "name": "string",
              "prefix": "number",
              "type": "string"
            }
          ],
          "134": [
            "object",
            {
              "cooldown": "string",
              "enabled": "string",
              "gateway": "string",
              "ip": "string",
              "name": "string",
              "prefix": "number",
              "type": "string"
            }
          ],
          "135": [
            "object",
            {
              "cooldown": "string",
              "enabled": "string",
              "gateway": "string",
              "ip": "string",
              "name": "string",
              "prefix": "number",
              "type": "string"
            }
          ],
          "136": [
            "object",
            {
              "cooldown": "string",
              "enabled": "string",
              "gateway": "string",
              "ip": "string",
              "name": "string",
              "prefix": "number",
              "type": "string"
            }
          ],
          "200": [
            "object",
            {
              "cooldown": "string",
              "enabled": "string",
              "gateway": "string",
              "ip": "string",
              "name": "string",
              "prefix": "number",
              "type": "string"
            }
          ],
          "201": [
            "object",
            {
              "cooldown": "string",
              "enabled": "string",
              "gateway": "string",
              "ip": "string",
              "name": "string",
              "prefix": "number",
              "type": "string"
            }
          ],
          "202": [
            "object",
            {
              "cooldown": "string",
              "enabled": "string",
              "gateway": "string",
              "ip": "string",
              "name": "string",
              "prefix": "number",
              "type": "string"
            }
          ],
          "203": [
            "object",
            {
              "cooldown": "string",
              "enabled": "string",
              "gateway": "string",
              "ip": "string",
              "name": "string",
              "prefix": "number",
              "type": "string"
            }
          ],
          "204": [
            "object",
            {
              "cooldown": "string",
              "enabled": "string",
              "gateway": "string",
              "ip": "string",
              "name": "string",
              "prefix": "number",
              "type": "string"
            }
          ],
          "205": [
            "object",
            {
              "cooldown": "string",
              "enabled": "string",
              "gateway": "string",
              "ip": "string",
              "name": "string",
              "prefix": "number",
              "type": "string"
            }
          ],
          "206": [
            "object",
            {
              "cooldown": "string",
              "enabled": "string",
              "gateway": "string",
              "ip": "string",
              "name": "string",
              "prefix": "number",
              "type": "string"
            }
          ],
          "207": [
            "object",
            {
              "cooldown": "string",
              "enabled": "string",
              "gateway": "string",
              "ip": "string",
              "name": "string",
              "prefix": "number",
              "type": "string"
            }
          ],
          "208": [
            "object",
            {
              "cooldown": "string",
              "enabled": "string",
              "gateway": "string",
              "ip": "string",
              "name": "string",
              "prefix": "number",
              "type": "string"
            }
          ],
          "209": [
            "object",
            {
              "cooldown": "string",
              "enabled": "string",
              "gateway": "string",
              "ip": "string",
              "name": "string",
              "prefix": "number",
              "type": "string"
            }
          ],
          "300": [
            "object",
            {
              "cooldown": "string",
              "enabled": "string",
              "gateway": "string",
              "ip": "string",
              "name": "string",
              "prefix": "number",
              "type": "string"
            }
          ]
        }
      ]
    }
  },
  "resources": [
    {
      "mode": "managed",
      "type": "proxmox_virtual_environment_hardware_mapping_pci",
      "name": "gpu",
      "provider": "provider[\"registry.terraform.io/bpg/proxmox\"]",
      "instances": [
        {
          "schema_version": 0,
          "attributes": {
            "comment": null,
            "id": "gpu",
            "map": [
              {
                "comment": null,
                "id": "10de:1f08",
                "iommu_group": null,
                "node": "luca-server",
                "path": "0000:2b:00.0",
                "subsystem_id": null
              }
            ],
            "mediated_devices": false,
            "name": "gpu"
          },
          "sensitive_attributes": [],
          "identity_schema_version": 0
        }
      ]
    },
    {
      "mode": "managed",
      "type": "proxmox_virtual_environment_vm",
      "name": "vm",
      "provider": "provider[\"registry.terraform.io/bpg/proxmox\"]",
      "instances": [
        {
          "index_key": "300",
          "schema_version": 0,
          "attributes": {
            "acpi": true,
            "agent": [
              {
                "enabled": true,
                "timeout": "15m",
                "trim": false,
                "type": "virtio"
              }
            ],
            "audio_device": [],
            "bios": "seabios",
            "boot_order": null,
            "cdrom": [],
            "clone": [],
            "cpu": [
              {
                "affinity": "",
                "architecture": "",
                "cores": 2,
                "flags": [],
                "hotplugged": 0,
                "limit": 0,
                "numa": false,
                "sockets": 1,
                "type": "host",
                "units": 1024
              }
            ],
            "description": "",
            "disk": [
              {
                "aio": "io_uring",
                "backup": true,
                "cache": "none",
                "datastore_id": "local-lvm",
                "discard": "on",
                "file_format": "raw",
                "file_id": "",
                "interface": "scsi0",
                "iothread": false,
                "path_in_datastore": "vm-300-disk-0",
                "replicate": true,
                "serial": "",
                "size": 8,
                "speed": [],
                "ssd": true
              }
            ],
            "efi_disk": [],
            "hook_script_file_id": null,
            "hostpci": [],
            "id": "300",
            "initialization": [
              {
                "datastore_id": "local-lvm",
                "dns": [],
                "interface": "ide2",
                "ip_config": [
                  {
                    "ipv4": [
                      {
                        "address": "192.168.178.29/24",
                        "gateway": "192.168.178.1"
                      }
                    ],
                    "ipv6": []
                  }
                ],
                "meta_data_file_id": "",
                "network_data_file_id": "",
                "type": "",
                "upgrade": false,
                "user_account": [
                  {
                    "keys": [
                      "ssh-ed25519 AAAAC3NzaC1lZDI1NTE5AAAAIMaEzQwqI8/q2+VBkeTMEnYo4+jW5vS59QsMftwltoQh homelab-deploy@luca-pc"
                    ],
                    "password": "",
                    "username": "root"
                  }
                ],
                "user_data_file_id": "",
                "vendor_data_file_id": ""
              }
            ],
            "ipv4_addresses": [
              [
                "127.0.0.1"
              ],
              [
                "192.168.178.29"
              ],
              [
                "10.100.0.1"
              ],
              [
                "10.200.0.1"
              ],
              [
                "10.0.0.1"
              ]
            ],
            "ipv6_addresses": [
              [],
              [],
              [],
              [],
              []
            ],
            "keyboard_layout": "en-us",
            "kvm_arguments": "",
            "mac_addresses": [
              "00:00:00:00:00:00",
              "BC:24:11:7D:C6:4D",
              "BC:24:11:5D:7D:40",
              "BC:24:11:7A:EF:41",
              "00:00:00:00:00:00"
            ],
            "machine": "",
            "memory": [
              {
                "dedicated": 1024,
                "floating": 0,
                "hugepages": "",
                "keep_hugepages": false,
                "shared": 0
              }
            ],
            "migrate": false,
            "name": "luca-router",
            "network_device": [
              {
                "bridge": "vmbr0",
                "disconnected": false,
                "enabled": true,
                "firewall": false,
                "mac_address": "BC:24:11:7D:C6:4D",
                "model": "virtio",
                "mtu": 0,
                "queues": 0,
                "rate_limit": 0,
                "trunks": "",
                "vlan_id": 0
              },
              {
                "bridge": "vmbr100",
                "disconnected": false,
                "enabled": true,
                "firewall": false,
                "mac_address": "BC:24:11:5D:7D:40",
                "model": "virtio",
                "mtu": 0,
                "queues": 0,
                "rate_limit": 0,
                "trunks": "",
                "vlan_id": 0
              },
              {
                "bridge": "vmbr200",
                "disconnected": false,
                "enabled": true,
                "firewall": false,
                "mac_address": "BC:24:11:7A:EF:41",
                "model": "virtio",
                "mtu": 0,
                "queues": 0,
                "rate_limit": 0,
                "trunks": "",
                "vlan_id": 0
              }
            ],
            "network_interface_names": [
              "lo",
              "ens18",
              "ens19",
              "ens20",
              "wg0"
            ],
            "node_name": "luca-server",
            "numa": [],
            "on_boot": true,
            "operating_system": [],
            "pool_id": null,
            "protection": false,
            "reboot": false,
            "scsi_hardware": "virtio-scsi-pci",
            "serial_device": [],
            "smbios": [],
            "started": true,
            "startup": [
              {
                "down_delay": -1,
                "order": 1,
                "up_delay": 30
              }
            ],
            "stop_on_destroy": false,
            "tablet_device": true,
            "tags": [],
            "template": false,
            "timeout_clone": 1800,
            "timeout_create": 1800,
            "timeout_migrate": 1800,
            "timeout_move_disk": 1800,
            "timeout_reboot": 1800,
            "timeout_shutdown_vm": 1800,
            "timeout_start_vm": 1800,
            "timeout_stop_vm": 300,
            "tpm_state": [],
            "usb": [],
            "vga": [],
            "vm_id": 300,
            "watchdog": []
          },
          "sensitive_attributes": [
            [
              {
                "type": "get_attr",
                "value": "initialization"
              },
              {
                "type": "index",
                "value": {
                  "value": 0,
                  "type": "number"
                }
              },
              {
                "type": "get_attr",
                "value": "user_account"
              },
              {
                "type": "index",
                "value": {
                  "value": 0,
                  "type": "number"
                }
              },
              {
                "type": "get_attr",
                "value": "password"
              }
            ]
          ],
          "identity_schema_version": 0,
          "private": "bnVsbA==",
          "dependencies": [
            "proxmox_virtual_environment_hardware_mapping_pci.gpu"
          ]
        }
      ]
    }
  ],
  "check_results": [
    {
      "object_kind": "check",
      "config_addr": "check.instance_fields",
      "status": "pass",
      "objects": [
        {
          "object_addr": "check.instance_fields",
          "status": "pass"
        }
      ]
    }
  ]
}
